{
  "name": "bibcli",
  "version": "1.0.0",
  "lockfileVersion": 3,
  "requires": true,
  "packages": {
    "": {
      "name": "bibcli",
      "version": "1.0.0",
      "license": "MIT",
      "dependencies": {
        "@retorquere/bibtex-parser": "^9.0.21",
        "commander": "^11.0.0"
      },
      "bin": {
        "bibcli": "bin/bibcli"
      }
    },
    "node_modules/@retorquere/bibtex-parser": {
      "version": "9.0.21",
      "resolved": "https://registry.npmjs.org/@retorquere/bibtex-parser/-/bibtex-parser-9.0.21.tgz",
      "integrity": "sha512-Gmw6Y1rMaR/WGlqDyxG33EJ5go1+l5dOpfobfLZYQot58uWyA70y8ojm0TViwCa4qa6tVBC4hjcCf4ARcUOWHA==",
      "license": "ISC",
      "dependencies": {
        "@unified-latex/unified-latex-util-pegjs": "^1.8.1",
        "@unified-latex/unified-latex-util-print-raw": "^1.8.0",
        "@unified-latex/unified-latex-util-replace": "^1.8.3",
        "@unified-latex/unified-latex-util-visit": "^1.8.3",
        "i": "^0.3.7",
        "lodash.merge": "^4.6.2",
        "moo": "^0.5.2",
        "nearley": "^2.20.1",
        "unicode2latex": "^6.0.13",
        "wink-eng-lite-web-model": "^1.8.1",
        "wink-nlp": "^2.4.0"
      }
    },
    "node_modules/@types/unist": {
      "version": "2.0.11",
      "resolved": "https://registry.npmjs.org/@types/unist/-/unist-2.0.11.tgz",
      "integrity": "sha512-CmBKiL6NNo/OqgmMn95Fk9Whlp2mtvIv+KNpQKN2F4SjvrEesubTRWGYSg+BnWZOnlCaSTU1sMpsBOzgbYhnsA==",
      "license": "MIT"
    },
    "node_modules/@unified-latex/unified-latex-types": {
      "version": "1.8.0",
      "resolved": "https://registry.npmjs.org/@unified-latex/unified-latex-types/-/unified-latex-types-1.8.0.tgz",
      "integrity": "sha512-GLJbBmmfDOWtdEbpQCLb7++zPxXin36aC9XOVCuiVNMR9VYv3szOJa+ZdTilVCFHpOeFhKh6zRws96vJgz2tGA==",
      "license": "MIT"
    },
    "node_modules/@unified-latex/unified-latex-util-match": {
      "version": "1.8.0",
      "resolved": "https://registry.npmjs.org/@unified-latex/unified-latex-util-match/-/unified-latex-util-match-1.8.0.tgz",
      "integrity": "sha512-fjuLI1KVhWTHkfWn0kR8/RhM2oD2hxWhzgskUMLJ/IZMye9ESvVo8ItG4y+BtpwGFWpTmCtpMNXHjknIQxza9Q==",
      "license": "MIT",
      "dependencies": {
        "@unified-latex/unified-latex-types": "^1.8.0",
        "@unified-latex/unified-latex-util-print-raw": "^1.8.0"
      }
    },
    "node_modules/@unified-latex/unified-latex-util-pegjs": {
      "version": "1.8.1",
      "resolved": "https://registry.npmjs.org/@unified-latex/unified-latex-util-pegjs/-/unified-latex-util-pegjs-1.8.1.tgz",
      "integrity": "sha512-1N6WknnzKGACFCmgaEZ2j89j5C2dKhmAOCfy6moD+AMm6nUb69Xp9pJ1jDfqz+Uz9+zRo5I6ksr6q5GgmAJvtw==",
      "license": "MIT",
      "dependencies": {
        "@unified-latex/unified-latex-types": "^1.8.0",
        "@unified-latex/unified-latex-util-match": "^1.8.0"
      }
    },
    "node_modules/@unified-latex/unified-latex-util-print-raw": {
      "version": "1.8.0",
      "resolved": "https://registry.npmjs.org/@unified-latex/unified-latex-util-print-raw/-/unified-latex-util-print-raw-1.8.0.tgz",
      "integrity": "sha512-lMuLqnHXCDNqrjslf6hBAA2McEI+oaaxvjA9zfeAeWZyZh+DUJjkmwiuxYejwHHKbQvqzregNP4wtb9OvaC21g==",
      "license": "MIT",
      "dependencies": {
        "@unified-latex/unified-latex-types": "^1.8.0"
      }
    },
    "node_modules/@unified-latex/unified-latex-util-replace": {
      "version": "1.8.3",
      "resolved": "https://registry.npmjs.org/@unified-latex/unified-latex-util-replace/-/unified-latex-util-replace-1.8.3.tgz",
      "integrity": "sha512-HdrWVF+pwfsXkAiIGK5q7y2klBt5QK7r5sxbSZD+X3wXzpJFuFCYQQYe2Tmi5lOcssqLK94+1OUqRTrmA/rFbg==",
      "license": "MIT",
      "dependencies": {
        "@unified-latex/unified-latex-types": "^1.8.0",
        "@unified-latex/unified-latex-util-match": "^1.8.0",
        "@unified-latex/unified-latex-util-split": "^1.8.0",
        "@unified-latex/unified-latex-util-trim": "^1.8.3",
        "@unified-latex/unified-latex-util-visit": "^1.8.3",
        "unified": "^10.1.2"
      }
    },
    "node_modules/@unified-latex/unified-latex-util-split": {
      "version": "1.8.0",
      "resolved": "https://registry.npmjs.org/@unified-latex/unified-latex-util-split/-/unified-latex-util-split-1.8.0.tgz",
      "integrity": "sha512-gRlRge72wcvLRs6bEoVbh0fDACbkioEPDJOr7XaCuQqjNNu1VTXlcvImZQVXCdMG6CJ4lqiaJRwnUupK4rsmsA==",
      "license": "MIT",
      "dependencies": {
        "@unified-latex/unified-latex-types": "^1.8.0",
        "@unified-latex/unified-latex-util-match": "^1.8.0"
      }
    },
    "node_modules/@unified-latex/unified-latex-util-trim": {
      "version": "1.8.3",
      "resolved": "https://registry.npmjs.org/@unified-latex/unified-latex-util-trim/-/unified-latex-util-trim-1.8.3.tgz",
      "integrity": "sha512-Vb5YcVyebWuwU0koBTsVOvxKFWKfqP1T7nJdpzT+IUrfX7zcMiA4HlGdL/3imbEfuLBTHJb3IoLsymU0XfWCZg==",
      "license": "MIT",
      "dependencies": {
        "@unified-latex/unified-latex-types": "^1.8.0",
        "@unified-latex/unified-latex-util-match": "^1.8.0",
        "@unified-latex/unified-latex-util-visit": "^1.8.3",
        "unified": "^10.1.2"
      }
    },
    "node_modules/@unified-latex/unified-latex-util-visit": {
      "version": "1.8.3",
      "resolved": "https://registry.npmjs.org/@unified-latex/unified-latex-util-visit/-/unified-latex-util-visit-1.8.3.tgz",
      "integrity": "sha512-y1uxwXLbzXliAhTrxaDx4+LgIWaeNWMgS7q4DC/i/5RXXRQOImdCqQsTWwvQk2x5/8zQ3eweiTsd3q1gbBCqAA==",
      "license": "MIT",
      "dependencies": {
        "@unified-latex/unified-latex-types": "^1.8.0",
        "@unified-latex/unified-latex-util-match": "^1.8.0"
      }
    },
    "node_modules/bail": {
      "version": "2.0.2",
      "resolved": "https://registry.npmjs.org/bail/-/bail-2.0.2.tgz",
      "integrity": "sha512-0xO6mYd7JB2YesxDKplafRpsiOzPt9V02ddPCLbY1xYGPOX24NTyN50qnUxgCPcSoYMhKpAuBTjQoRZCAkUDRw==",
      "license": "MIT",
      "funding": {
        "type": "github",
        "url": "https://github.com/sponsors/wooorm"
      }
    },
    "node_modules/commander": {
      "version": "11.1.0",
      "resolved": "https://registry.npmjs.org/commander/-/commander-11.1.0.tgz",
      "integrity": "sha512-yPVavfyCcRhmorC7rWlkHn15b4wDVgVmBA7kV4QVBsF7kv/9TKJAbAXVTxvTnwP8HHKjRCJDClKbciiYS7p0DQ==",
      "license": "MIT",
      "engines": {
        "node": ">=16"
      }
    },
    "node_modules/discontinuous-range": {
      "version": "1.0.0",
      "resolved": "https://registry.npmjs.org/discontinuous-range/-/discontinuous-range-1.0.0.tgz",
      "integrity": "sha512-c68LpLbO+7kP/b1Hr1qs8/BJ09F5khZGTxqxZuhzxpmwJKOgRFHJWIb9/KmqnqHhLdO55aOxFH/EGBvUQbL/RQ==",
      "license": "MIT"
    },
    "node_modules/extend": {
      "version": "3.0.2",
      "resolved": "https://registry.npmjs.org/extend/-/extend-3.0.2.tgz",
      "integrity": "sha512-fjquC59cD7CyW6urNXK0FBufkZcoiGG80wTuPujX590cB5Ttln20E2UB4S/WARVqhXffZl2LNgS+gQdPIIim/g==",
      "license": "MIT"
    },
    "node_modules/i": {
      "version": "0.3.7",
      "resolved": "https://registry.npmjs.org/i/-/i-0.3.7.tgz",
      "integrity": "sha512-FYz4wlXgkQwIPqhzC5TdNMLSE5+GS1IIDJZY/1ZiEPCT2S3COUVZeT5OW4BmW4r5LHLQuOosSwsvnroG9GR59Q==",
      "engines": {
        "node": ">=0.4"
      }
    },
    "node_modules/is-buffer": {
      "version": "2.0.5",
      "resolved": "https://registry.npmjs.org/is-buffer/-/is-buffer-2.0.5.tgz",
      "integrity": "sha512-i2R6zNFDwgEHJyQUtJEk0XFi1i0dPFn/oqjK3/vPCcDeJvW5NQ83V8QbicfF1SupOaB0h8ntgBC2YiE7dfyctQ==",
      "funding": [
        {
          "type": "github",
          "url": "https://github.com/sponsors/feross"
        },
        {
          "type": "patreon",
          "url": "https://www.patreon.com/feross"
        },
        {
          "type": "consulting",
          "url": "https://feross.org/support"
        }
      ],
      "license": "MIT",
      "engines": {
        "node": ">=4"
      }
    },
    "node_modules/is-plain-obj": {
      "version": "4.1.0",
      "resolved": "https://registry.npmjs.org/is-plain-obj/-/is-plain-obj-4.1.0.tgz",
      "integrity": "sha512-+Pgi+vMuUNkJyExiMBt5IlFoMyKnr5zhJ4Uspz58WOhBF5QoIZkFyNHIbBAtHwzVAgk5RtndVNsDRN61/mmDqg==",
      "license": "MIT",
      "engines": {
        "node": ">=12"
      },
      "funding": {
        "url": "https://github.com/sponsors/sindresorhus"
      }
    },
    "node_modules/lodash.merge": {
      "version": "4.6.2",
      "resolved": "https://registry.npmjs.org/lodash.merge/-/lodash.merge-4.6.2.tgz",
      "integrity": "sha512-0KpjqXRVvrYyCsX1swR/XTK0va6VQkQM6MNo7PqW77ByjAhoARA8EfrP1N4+KlKj8YS0ZUCtRT/YUuhyYDujIQ==",
      "license": "MIT"
    },
    "node_modules/moo": {
      "version": "0.5.2",
      "resolved": "https://registry.npmjs.org/moo/-/moo-0.5.2.tgz",
      "integrity": "sha512-iSAJLHYKnX41mKcJKjqvnAN9sf0LMDTXDEvFv+ffuRR9a1MIuXLjMNL6EsnDHSkKLTWNqQQ5uo61P4EbU4NU+Q==",
      "license": "BSD-3-Clause"
    },
    "node_modules/nearley": {
      "version": "2.20.1",
      "resolved": "https://registry.npmjs.org/nearley/-/nearley-2.20.1.tgz",
      "integrity": "sha512-+Mc8UaAebFzgV+KpI5n7DasuuQCHA89dmwm7JXw3TV43ukfNQ9DnBH3Mdb2g/I4Fdxc26pwimBWvjIw0UAILSQ==",
      "license": "MIT",
      "dependencies": {
        "commander": "^2.19.0",
        "moo": "^0.5.0",
        "railroad-diagrams": "^1.0.0",
        "randexp": "0.4.6"
      },
      "bin": {
        "nearley-railroad": "bin/nearley-railroad.js",
        "nearley-test": "bin/nearley-test.js",
        "nearley-unparse": "bin/nearley-unparse.js",
        "nearleyc": "bin/nearleyc.js"
      },
      "funding": {
        "type": "individual",
        "url": "https://nearley.js.org/#give-to-nearley"
      }
    },
    "node_modules/nearley/node_modules/commander": {
      "version": "2.20.3",
      "resolved": "https://registry.npmjs.org/commander/-/commander-2.20.3.tgz",
      "integrity": "sha512-GpVkmM8vF2vQUkj2LvZmD35JxeJOLCwJ9cUkugyk2nuhbv3+mJvpLYYt+0+USMxE+oj+ey/lJEnhZw75x/OMcQ==",
      "license": "MIT"
    },
    "node_modules/railroad-diagrams": {
      "version": "1.0.0",
      "resolved": "https://registry.npmjs.org/railroad-diagrams/-/railroad-diagrams-1.0.0.tgz",
      "integrity": "sha512-cz93DjNeLY0idrCNOH6PviZGRN9GJhsdm9hpn1YCS879fj4W+x5IFJhhkRZcwVgMmFF7R82UA/7Oh+R8lLZg6A==",
      "license": "CC0-1.0"
    },
    "node_modules/randexp": {
      "version": "0.4.6",
      "resolved": "https://registry.npmjs.org/randexp/-/randexp-0.4.6.tgz",
      "integrity": "sha512-80WNmd9DA0tmZrw9qQa62GPPWfuXJknrmVmLcxvq4uZBdYqb1wYoKTmnlGUchvVWe0XiLupYkBoXVOxz3C8DYQ==",
      "license": "MIT",
      "dependencies": {
        "discontinuous-range": "1.0.0",
        "ret": "~0.1.10"
      },
      "engines": {
        "node": ">=0.12"
      }
    },
    "node_modules/ret": {
      "version": "0.1.15",
      "resolved": "https://registry.npmjs.org/ret/-/ret-0.1.15.tgz",
      "integrity": "sha512-TTlYpa+OL+vMMNG24xSlQGEJ3B/RzEfUlLct7b5G/ytav+wPrplCpVMFuwzXbkecJrb6IYo1iFb0S9v37754mg==",
      "license": "MIT",
      "engines": {
        "node": ">=0.12"
      }
    },
    "node_modules/trough": {
      "version": "2.2.0",
      "resolved": "https://registry.npmjs.org/trough/-/trough-2.2.0.tgz",
      "integrity": "sha512-tmMpK00BjZiUyVyvrBK7knerNgmgvcV/KLVyuma/SC+TQN167GrMRciANTz09+k3zW8L8t60jWO1GpfkZdjTaw==",
      "license": "MIT",
      "funding": {
        "type": "github",
        "url": "https://github.com/sponsors/wooorm"
      }
    },
    "node_modules/unicode2latex": {
      "version": "6.0.13",
      "resolved": "https://registry.npmjs.org/unicode2latex/-/unicode2latex-6.0.13.tgz",
      "integrity": "sha512-kaX8RiZh5x4mIESXAzRTAkpCKqqujhkXSZdsnfL4IB5DdUzhmN0bH6z6Yctl/sSUEzwg/SK+JymDxPlrzuRFoA==",
      "license": "ISC"
    },
    "node_modules/unified": {
      "version": "10.1.2",
      "resolved": "https://registry.npmjs.org/unified/-/unified-10.1.2.tgz",
      "integrity": "sha512-pUSWAi/RAnVy1Pif2kAoeWNBa3JVrx0MId2LASj8G+7AiHWoKZNTomq6LG326T68U7/e263X6fTdcXIy7XnF7Q==",
      "license": "MIT",
      "dependencies": {
        "@types/unist": "^2.0.0",
        "bail": "^2.0.0",
        "extend": "^3.0.0",
        "is-buffer": "^2.0.0",
        "is-plain-obj": "^4.0.0",
        "trough": "^2.0.0",
        "vfile": "^5.0.0"
      },
      "funding": {
        "type": "opencollective",
        "url": "https://opencollective.com/unified"
      }
    },
    "node_modules/unist-util-stringify-position": {
      "version": "3.0.3",
      "resolved": "https://registry.npmjs.org/unist-util-stringify-position/-/unist-util-stringify-position-3.0.3.tgz",
      "integrity": "sha512-k5GzIBZ/QatR8N5X2y+drfpWG8IDBzdnVj6OInRNWm1oXrzydiaAT2OQiA8DPRRZyAKb9b6I2a6PxYklZD0gKg==",
      "license": "MIT",
      "dependencies": {
        "@types/unist": "^2.0.0"
      },
      "funding": {
        "type": "opencollective",
        "url": "https://opencollective.com/unified"
      }
    },
    "node_modules/vfile": {
      "version": "5.3.7",
      "resolved": "https://registry.npmjs.org/vfile/-/vfile-5.3.7.tgz",
      "integrity": "sha512-r7qlzkgErKjobAmyNIkkSpizsFPYiUPuJb5pNW1RB4JcYVZhs4lIbVqk8XPk033CV/1z8ss5pkax8SuhGpcG8g==",
      "license": "MIT",
      "dependencies": {
        "@types/unist": "^2.0.0",
        "is-buffer": "^2.0.0",
        "unist-util-stringify-position": "^3.0.0",
        "vfile-message": "^3.0.0"
      },
      "funding": {
        "type": "opencollective",
        "url": "https://opencollective.com/unified"
      }
    },
    "node_modules/vfile-message": {
      "version": "3.1.4",
      "resolved": "https://registry.npmjs.org/vfile-message/-/vfile-message-3.1.4.tgz",
      "integrity": "sha512-fa0Z6P8HUrQN4BZaX05SIVXic+7kE3b05PWAtPuYP9QLHsLKYR7/AlLW3NtOrpXRLeawpDLMsVkmk5DG0NXgWw==",
      "license": "MIT",
      "dependencies": {
        "@types/unist": "^2.0.0",
        "unist-util-stringify-position": "^3.0.0"
      },
      "funding": {
        "type": "opencollective",
        "url": "https://opencollective.com/unified"
      }
    },
    "node_modules/wink-eng-lite-web-model": {
      "version": "1.8.1",
      "resolved": "https://registry.npmjs.org/wink-eng-lite-web-model/-/wink-eng-lite-web-model-1.8.1.tgz",
      "integrity": "sha512-M2tSOU/rVNkDj8AS8IoKJaM7apJJjS0cN+hE8CPazfnB4A/ojyc9+7RMPk18UOiIdSyWk7MR6w8z9lWix2l5tA==",
      "license": "MIT",
      "engines": {
        "node": ">=16.0.0"
      }
    },
    "node_modules/wink-nlp": {
      "version": "2.4.0",
      "resolved": "https://registry.npmjs.org/wink-nlp/-/wink-nlp-2.4.0.tgz",
      "integrity": "sha512-d02inlNJL0LLNTLoYfkxZYGrqnYDSZV4HI4WpeuyIEfpu7UcUqUW1ZYWr+JTFm4ZR6dQdzOW/FtHEQRO+o/zzA==",
      "license": "MIT"
    }
  }
}
